
Microsoft Visual Studio Solution File, Format Version 12.00
# Visual Studio Version 16
VisualStudioVersion = 16.0.30907.101
MinimumVisualStudioVersion = 10.0.40219.1
Project("{8BC9CEB8-8B4A-11D0-8D11-00A0C91BC942}") = "Circular linked list", "Circular linked list.vcxproj", "{52B53DB5-EB70-43E9-B565-1F8D8D1B250B}"
EndProject
Global
	GlobalSection(SolutionConfigurationPlatforms) = preSolution
		Debug|x64 = Debug|x64
		Debug|x86 = Debug|x86
		Release|x64 = Release|x64
		Release|x86 = Release|x86
	EndGlobalSection
	GlobalSection(ProjectConfigurationPlatforms) = postSolution
		{52B53DB5-EB70-43E9-B565-1F8D8D1B250B}.Debug|x64.ActiveCfg = Debug|x64
		{52B53DB5-EB70-43E9-B565-1F8D8D1B250B}.Debug|x64.Build.0 = Debug|x64
		{52B53DB5-EB70-43E9-B565-1F8D8D1B250B}.Debug|x86.ActiveCfg = Debug|Win32
		{52B53DB5-EB70-43E9-B565-1F8D8D1B250B}.Debug|x86.Build.0 = Debug|Win32
		{52B53DB5-EB70-43E9-B565-1F8D8D1B250B}.Release|x64.ActiveCfg = Release|x64
		{52B53DB5-EB70-43E9-B565-1F8D8D1B250B}.Release|x64.Build.0 = Release|x64
		{52B53DB5-EB70-43E9-B565-1F8D8D1B250B}.Release|x86.ActiveCfg = Release|Win32
		{52B53DB5-EB70-43E9-B565-1F8D8D1B250B}.Release|x86.Build.0 = Release|Win32
	EndGlobalSection
	GlobalSection(SolutionProperties) = preSolution
		HideSolutionNode = FALSE
	EndGlobalSection
	GlobalSection(ExtensibilityGlobals) = postSolution
		SolutionGuid = {04D86CC2-E185-4A12-90B0-AA8FBF339B8C}
	EndGlobalSection
EndGlobal
